{
  "name": "MovieServiceFront",
  "lockfileVersion": 3,
  "requires": true,
  "packages": {
    "": {
      "dependencies": {
        "drift-zoom": "^1.5.1",
        "validate.js": "^0.13.1"
      }
    },
    "node_modules/drift-zoom": {
      "version": "1.5.1",
      "resolved": "https://registry.npmjs.org/drift-zoom/-/drift-zoom-1.5.1.tgz",
      "integrity": "sha512-GNLWl0ydTkgyFxfPouKvAZXvJhTt2dqUGkXCqENe+Y1OlQuQ+nUNKgvSpNvjp3nrbcij75GbJR/iMf/qdZbgPw==",
      "license": "BSD-2"
    },
    "node_modules/validate.js": {
      "version": "0.13.1",
      "resolved": "https://registry.npmjs.org/validate.js/-/validate.js-0.13.1.tgz",
      "integrity": "sha512-PnFM3xiZ+kYmLyTiMgTYmU7ZHkjBZz2/+F0DaALc/uUtVzdCt1wAosvYJ5hFQi/hz8O4zb52FQhHZRC+uVkJ+g==",
      "license": "MIT"
    }
  }
}
